
Microsoft Visual Studio Solution File, Format Version 12.00
# Visual Studio 15
VisualStudioVersion = 15.0.28307.421
MinimumVisualStudioVersion = 10.0.40219.1
Project("{8BC9CEB8-8B4A-11D0-8D11-00A0C91BC942}") = "Recursion", "Recursion\Recursion.vcxproj", "{63EBD6B3-F0F1-4FDA-981A-EFD505634EEE}"
EndProject
Project("{8BC9CEB8-8B4A-11D0-8D11-00A0C91BC942}") = "Recursion_Practice", "Recursion_Practice\Recursion_Practice.vcxproj", "{A733ADDE-1B5A-4F59-8195-D9E7D316C9C6}"
EndProject
Global
	GlobalSection(SolutionConfigurationPlatforms) = preSolution
		Debug|x64 = Debug|x64
		Debug|x86 = Debug|x86
		Release|x64 = Release|x64
		Release|x86 = Release|x86
	EndGlobalSection
	GlobalSection(ProjectConfigurationPlatforms) = postSolution
		{63EBD6B3-F0F1-4FDA-981A-EFD505634EEE}.Debug|x64.ActiveCfg = Debug|x64
		{63EBD6B3-F0F1-4FDA-981A-EFD505634EEE}.Debug|x64.Build.0 = Debug|x64
		{63EBD6B3-F0F1-4FDA-981A-EFD505634EEE}.Debug|x86.ActiveCfg = Debug|Win32
		{63EBD6B3-F0F1-4FDA-981A-EFD505634EEE}.Debug|x86.Build.0 = Debug|Win32
		{63EBD6B3-F0F1-4FDA-981A-EFD505634EEE}.Release|x64.ActiveCfg = Release|x64
		{63EBD6B3-F0F1-4FDA-981A-EFD505634EEE}.Release|x64.Build.0 = Release|x64
		{63EBD6B3-F0F1-4FDA-981A-EFD505634EEE}.Release|x86.ActiveCfg = Release|Win32
		{63EBD6B3-F0F1-4FDA-981A-EFD505634EEE}.Release|x86.Build.0 = Release|Win32
		{A733ADDE-1B5A-4F59-8195-D9E7D316C9C6}.Debug|x64.ActiveCfg = Debug|x64
		{A733ADDE-1B5A-4F59-8195-D9E7D316C9C6}.Debug|x64.Build.0 = Debug|x64
		{A733ADDE-1B5A-4F59-8195-D9E7D316C9C6}.Debug|x86.ActiveCfg = Debug|Win32
		{A733ADDE-1B5A-4F59-8195-D9E7D316C9C6}.Debug|x86.Build.0 = Debug|Win32
		{A733ADDE-1B5A-4F59-8195-D9E7D316C9C6}.Release|x64.ActiveCfg = Release|x64
		{A733ADDE-1B5A-4F59-8195-D9E7D316C9C6}.Release|x64.Build.0 = Release|x64
		{A733ADDE-1B5A-4F59-8195-D9E7D316C9C6}.Release|x86.ActiveCfg = Release|Win32
		{A733ADDE-1B5A-4F59-8195-D9E7D316C9C6}.Release|x86.Build.0 = Release|Win32
	EndGlobalSection
	GlobalSection(SolutionProperties) = preSolution
		HideSolutionNode = FALSE
	EndGlobalSection
	GlobalSection(ExtensibilityGlobals) = postSolution
		SolutionGuid = {27EFD398-DF6F-4157-96B8-05AB3B5F7328}
	EndGlobalSection
EndGlobal
